
Microsoft Visual Studio Solution File, Format Version 12.00
# Visual Studio Version 16
VisualStudioVersion = 16.0.29201.188
MinimumVisualStudioVersion = 10.0.40219.1
Project("{FAE04EC0-301F-11D3-BF4B-00C04F79EFBC}") = "EasyInvoices.Framework", "EasyInvoices.Framework\EasyInvoices.Framework.csproj", "{A3082C86-E2E7-41DC-899B-E16818E7AF3B}"
EndProject
Project("{FAE04EC0-301F-11D3-BF4B-00C04F79EFBC}") = "TempClient", "TempClient\TempClient.csproj", "{6BD626C2-87A8-4AC3-8E5B-EF6F21E52B44}"
EndProject
Global
	GlobalSection(SolutionConfigurationPlatforms) = preSolution
		Debug|Any CPU = Debug|Any CPU
		Release|Any CPU = Release|Any CPU
	EndGlobalSection
	GlobalSection(ProjectConfigurationPlatforms) = postSolution
		{A3082C86-E2E7-41DC-899B-E16818E7AF3B}.Debug|Any CPU.ActiveCfg = Debug|Any CPU
		{A3082C86-E2E7-41DC-899B-E16818E7AF3B}.Debug|Any CPU.Build.0 = Debug|Any CPU
		{A3082C86-E2E7-41DC-899B-E16818E7AF3B}.Release|Any CPU.ActiveCfg = Release|Any CPU
		{A3082C86-E2E7-41DC-899B-E16818E7AF3B}.Release|Any CPU.Build.0 = Release|Any CPU
		{6BD626C2-87A8-4AC3-8E5B-EF6F21E52B44}.Debug|Any CPU.ActiveCfg = Debug|Any CPU
		{6BD626C2-87A8-4AC3-8E5B-EF6F21E52B44}.Debug|Any CPU.Build.0 = Debug|Any CPU
		{6BD626C2-87A8-4AC3-8E5B-EF6F21E52B44}.Release|Any CPU.ActiveCfg = Release|Any CPU
		{6BD626C2-87A8-4AC3-8E5B-EF6F21E52B44}.Release|Any CPU.Build.0 = Release|Any CPU
	EndGlobalSection
	GlobalSection(SolutionProperties) = preSolution
		HideSolutionNode = FALSE
	EndGlobalSection
	GlobalSection(ExtensibilityGlobals) = postSolution
		SolutionGuid = {F69F23CF-AA2F-4866-B963-126E70139B1E}
	EndGlobalSection
EndGlobal
